
Microsoft Visual Studio Solution File, Format Version 12.00
# Visual Studio Version 17
VisualStudioVersion = 17.0.31903.59
MinimumVisualStudioVersion = 10.0.40219.1
Project("{FAE04EC0-301F-11D3-BF4B-00C04F79EFBC}") = "ProductApi", "ProductApi\ProductApi.csproj", "{B283A75C-2FF9-4FEF-909A-4D1B9F09EC08}"
EndProject
Project("{FAE04EC0-301F-11D3-BF4B-00C04F79EFBC}") = "ProductApi.Tests", "ProductApi.Tests\ProductApi.Tests.csproj", "{72F71C12-55E7-4AC5-A763-FE8BEB0C4966}"
EndProject
Global
	GlobalSection(SolutionConfigurationPlatforms) = preSolution
		Debug|Any CPU = Debug|Any CPU
		Release|Any CPU = Release|Any CPU
	EndGlobalSection
	GlobalSection(SolutionProperties) = preSolution
		HideSolutionNode = FALSE
	EndGlobalSection
	GlobalSection(ProjectConfigurationPlatforms) = postSolution
		{B283A75C-2FF9-4FEF-909A-4D1B9F09EC08}.Debug|Any CPU.ActiveCfg = Debug|Any CPU
		{B283A75C-2FF9-4FEF-909A-4D1B9F09EC08}.Debug|Any CPU.Build.0 = Debug|Any CPU
		{B283A75C-2FF9-4FEF-909A-4D1B9F09EC08}.Release|Any CPU.ActiveCfg = Release|Any CPU
		{B283A75C-2FF9-4FEF-909A-4D1B9F09EC08}.Release|Any CPU.Build.0 = Release|Any CPU
		{72F71C12-55E7-4AC5-A763-FE8BEB0C4966}.Debug|Any CPU.ActiveCfg = Debug|Any CPU
		{72F71C12-55E7-4AC5-A763-FE8BEB0C4966}.Debug|Any CPU.Build.0 = Debug|Any CPU
		{72F71C12-55E7-4AC5-A763-FE8BEB0C4966}.Release|Any CPU.ActiveCfg = Release|Any CPU
		{72F71C12-55E7-4AC5-A763-FE8BEB0C4966}.Release|Any CPU.Build.0 = Release|Any CPU
	EndGlobalSection
EndGlobal
